
Microsoft Visual Studio Solution File, Format Version 12.00
# Visual Studio Version 17
VisualStudioVersion = 17.7.34003.232
MinimumVisualStudioVersion = 10.0.40219.1
Project("{FAE04EC0-301F-11D3-BF4B-00C04F79EFBC}") = "Project1", "Project1\Project1.csproj", "{05D1317F-DCCF-4B85-8D34-4FE6B0A1B2CD}"
EndProject
Global
	GlobalSection(SolutionConfigurationPlatforms) = preSolution
		Debug|Any CPU = Debug|Any CPU
		Release|Any CPU = Release|Any CPU
	EndGlobalSection
	GlobalSection(ProjectConfigurationPlatforms) = postSolution
		{05D1317F-DCCF-4B85-8D34-4FE6B0A1B2CD}.Debug|Any CPU.ActiveCfg = Debug|Any CPU
		{05D1317F-DCCF-4B85-8D34-4FE6B0A1B2CD}.Debug|Any CPU.Build.0 = Debug|Any CPU
		{05D1317F-DCCF-4B85-8D34-4FE6B0A1B2CD}.Release|Any CPU.ActiveCfg = Release|Any CPU
		{05D1317F-DCCF-4B85-8D34-4FE6B0A1B2CD}.Release|Any CPU.Build.0 = Release|Any CPU
	EndGlobalSection
	GlobalSection(SolutionProperties) = preSolution
		HideSolutionNode = FALSE
	EndGlobalSection
	GlobalSection(ExtensibilityGlobals) = postSolution
		SolutionGuid = {40101278-424A-4FB2-B96F-7CEF48623F60}
	EndGlobalSection
EndGlobal
